
Microsoft Visual Studio Solution File, Format Version 12.00
Project("{FAE04EC0-301F-11D3-BF4B-00C04F79EFBC}") = "Sanet.Audio.Core", "Sanet.Audio.Core\Sanet.Audio.Core.csproj", "{A6F6F1FC-0D88-4A08-9D45-A69AC03F6F85}"
EndProject
Project("{FAE04EC0-301F-11D3-BF4B-00C04F79EFBC}") = "Sanet.Audio.NAudio", "Sanet.Audio.NAudio\Sanet.Audio.NAudio.csproj", "{FA1A64A3-79D5-4649-A8CF-60E1E2233D58}"
EndProject
Project("{FAE04EC0-301F-11D3-BF4B-00C04F79EFBC}") = "Sanet.Audio.Android", "Sanet.Audio.Android\Sanet.Audio.Android.csproj", "{57908A00-F9C9-49E7-9A13-70CD4ACBCAF2}"
EndProject
Project("{FAE04EC0-301F-11D3-BF4B-00C04F79EFBC}") = "Sanet.Audio.iOS", "Sanet.Audio.iOS\Sanet.Audio.iOS.csproj", "{6AAB5CB8-DE0C-44FC-B1D2-78612599FED7}"
EndProject
Global
	GlobalSection(SolutionConfigurationPlatforms) = preSolution
		Debug|Any CPU = Debug|Any CPU
		Release|Any CPU = Release|Any CPU
	EndGlobalSection
	GlobalSection(ProjectConfigurationPlatforms) = postSolution
		{A6F6F1FC-0D88-4A08-9D45-A69AC03F6F85}.Debug|Any CPU.ActiveCfg = Debug|Any CPU
		{A6F6F1FC-0D88-4A08-9D45-A69AC03F6F85}.Debug|Any CPU.Build.0 = Debug|Any CPU
		{A6F6F1FC-0D88-4A08-9D45-A69AC03F6F85}.Release|Any CPU.ActiveCfg = Release|Any CPU
		{A6F6F1FC-0D88-4A08-9D45-A69AC03F6F85}.Release|Any CPU.Build.0 = Release|Any CPU
		{FA1A64A3-79D5-4649-A8CF-60E1E2233D58}.Debug|Any CPU.ActiveCfg = Debug|Any CPU
		{FA1A64A3-79D5-4649-A8CF-60E1E2233D58}.Debug|Any CPU.Build.0 = Debug|Any CPU
		{FA1A64A3-79D5-4649-A8CF-60E1E2233D58}.Release|Any CPU.ActiveCfg = Release|Any CPU
		{FA1A64A3-79D5-4649-A8CF-60E1E2233D58}.Release|Any CPU.Build.0 = Release|Any CPU
		{57908A00-F9C9-49E7-9A13-70CD4ACBCAF2}.Debug|Any CPU.ActiveCfg = Debug|Any CPU
		{57908A00-F9C9-49E7-9A13-70CD4ACBCAF2}.Debug|Any CPU.Build.0 = Debug|Any CPU
		{57908A00-F9C9-49E7-9A13-70CD4ACBCAF2}.Release|Any CPU.ActiveCfg = Release|Any CPU
		{57908A00-F9C9-49E7-9A13-70CD4ACBCAF2}.Release|Any CPU.Build.0 = Release|Any CPU
		{6AAB5CB8-DE0C-44FC-B1D2-78612599FED7}.Debug|Any CPU.ActiveCfg = Debug|Any CPU
		{6AAB5CB8-DE0C-44FC-B1D2-78612599FED7}.Debug|Any CPU.Build.0 = Debug|Any CPU
		{6AAB5CB8-DE0C-44FC-B1D2-78612599FED7}.Release|Any CPU.ActiveCfg = Release|Any CPU
		{6AAB5CB8-DE0C-44FC-B1D2-78612599FED7}.Release|Any CPU.Build.0 = Release|Any CPU
	EndGlobalSection
EndGlobal
